{
  "R": {
    "Version": "4.4.0",
    "Repositories": [
      {
        "Name": "CRAN",
        "URL": "https://packagemanager.rstudio.com/all/latest"
      }
    ]
  },
  "Packages": {
    "broom": {
      "Package": "broom",
      "Version": "1.0.5",
      "Source": "Repository",
      "Repository": "RSPM",
      "Hash": "fd25391c3c4f6ecf0fa95f1e6d15378c",
      "Requirements": [
        "backports",
        "dplyr",
        "ellipsis",
        "generics",
        "glue",
        "lifecycle",
        "purrr",
        "rlang",
        "stringr",
        "tibble",
        "tidyr"
      ]
    },    
    "knitr": {
      "Package": "knitr",
      "Version": "1.43",
      "Source": "Repository",
      "Repository": "RSPM",
      "Hash": "9775eb076713f627c07ce41d8199d8f6",
      "Requirements": []
    },
    "renv": {
      "Package": "renv",
      "Version": "1.1.5",
      "OS_type": NA,
      "NeedsCompilation": "no",
      "Repository": "CRAN",
      "Path": NA,
      "Source": "Repository",
      "Requirements": []
    },    
    "rmarkdown": {
      "Package": "rmarkdown",
      "Version": "2.22",
      "Source": "Repository",
      "Repository": "RSPM",
      "Hash": "75a01be060d800ceb14e32c666cacac9",
      "Requirements": []
    },
    "tidyverse": {
      "Package": "tidyverse",
      "Version": "2.0.0",
      "Source": "Repository",
      "Repository": "CRAN",
      "Hash": "c328568cd14ea89a83bd4ca7f54ae07e",
      "Requirements": []
    },        
    "waldo": {
      "Package": "waldo",
      "Version": "0.6.2",
      "Source": "Repository",
      "Repository": "RSPM",
      "Hash": "b7b91294ee9418a54527a9a9d8677597",
      "Requirements": []
    }
  }
}
